
Microsoft Visual Studio Solution File, Format Version 12.00
# Visual Studio 14
VisualStudioVersion = 14.0.25420.1
MinimumVisualStudioVersion = 10.0.40219.1
Project("{FAE04EC0-301F-11D3-BF4B-00C04F79EFBC}") = "OOAD Project", "OOAD Project.csproj", "{E6037722-D0A6-40A2-AADA-A8B573B83BBC}"
EndProject
Global
	GlobalSection(SolutionConfigurationPlatforms) = preSolution
		Debug|Any CPU = Debug|Any CPU
		Release|Any CPU = Release|Any CPU
	EndGlobalSection
	GlobalSection(ProjectConfigurationPlatforms) = postSolution
		{E6037722-D0A6-40A2-AADA-A8B573B83BBC}.Debug|Any CPU.ActiveCfg = Debug|Any CPU
		{E6037722-D0A6-40A2-AADA-A8B573B83BBC}.Debug|Any CPU.Build.0 = Debug|Any CPU
		{E6037722-D0A6-40A2-AADA-A8B573B83BBC}.Release|Any CPU.ActiveCfg = Release|Any CPU
		{E6037722-D0A6-40A2-AADA-A8B573B83BBC}.Release|Any CPU.Build.0 = Release|Any CPU
	EndGlobalSection
	GlobalSection(SolutionProperties) = preSolution
		HideSolutionNode = FALSE
	EndGlobalSection
EndGlobal
